{
  "name": "stencil-app",
  "version": "0.0.1",
  "lockfileVersion": 1,
  "requires": true,
  "dependencies": {
    "@stencil/core": {
      "version": "2.0.3",
      "resolved": "https://artifactory.healthpartners.com:443/artifactory/api/npm/npm/@stencil/core/-/core-2.0.3.tgz",
      "integrity": "sha1-hxnTExNiB2o1t6fIZd5HIHZvP0c="
    }
  }
}
