{
  "name": "stencil-app",
  "version": "0.0.1",
  "lockfileVersion": 1,
  "requires": true,
  "dependencies": {
    "@babel/runtime": {
      "version": "7.12.1",
      "resolved": "https://artifactory.healthpartners.com:443/artifactory/api/npm/npm/@babel/runtime/-/runtime-7.12.1.tgz",
      "integrity": "sha1-tBFqa2cR0BCy2tO3tuQ78bmVR0A=",
      "requires": {
        "regenerator-runtime": "^0.13.4"
      }
    },
    "@stencil/core": {
      "version": "2.0.3",
      "resolved": "https://artifactory.healthpartners.com:443/artifactory/api/npm/npm/@stencil/core/-/core-2.0.3.tgz",
      "integrity": "sha1-hxnTExNiB2o1t6fIZd5HIHZvP0c="
    },
    "regenerator-runtime": {
      "version": "0.13.7",
      "resolved": "https://artifactory.healthpartners.com:443/artifactory/api/npm/npm/regenerator-runtime/-/regenerator-runtime-0.13.7.tgz",
      "integrity": "sha1-ysLazIoepnX+qrrriugziYrkb1U="
    }
  }
}
